Microsoft Visual Studio Solution File, Format Version 12.00
# Visual Studio 2012
Project("{FAE04EC0-301F-11D3-BF4B-00C04F79EFBC}") = "MartianMike", "MartianMike.csproj", "{CEA51ED8-ADEB-4A56-A10E-AB0BFCEE0A13}"
EndProject
Global
	GlobalSection(SolutionConfigurationPlatforms) = preSolution
	Debug|Any CPU = Debug|Any CPU
	ExportDebug|Any CPU = ExportDebug|Any CPU
	ExportRelease|Any CPU = ExportRelease|Any CPU
	EndGlobalSection
	GlobalSection(ProjectConfigurationPlatforms) = postSolution
		{CEA51ED8-ADEB-4A56-A10E-AB0BFCEE0A13}.Debug|Any CPU.ActiveCfg = Debug|Any CPU
		{CEA51ED8-ADEB-4A56-A10E-AB0BFCEE0A13}.Debug|Any CPU.Build.0 = Debug|Any CPU
		{CEA51ED8-ADEB-4A56-A10E-AB0BFCEE0A13}.ExportDebug|Any CPU.ActiveCfg = ExportDebug|Any CPU
		{CEA51ED8-ADEB-4A56-A10E-AB0BFCEE0A13}.ExportDebug|Any CPU.Build.0 = ExportDebug|Any CPU
		{CEA51ED8-ADEB-4A56-A10E-AB0BFCEE0A13}.ExportRelease|Any CPU.ActiveCfg = ExportRelease|Any CPU
		{CEA51ED8-ADEB-4A56-A10E-AB0BFCEE0A13}.ExportRelease|Any CPU.Build.0 = ExportRelease|Any CPU
	EndGlobalSection
EndGlobal
